# THIS IS AN AUTOGENERATED FILE. DO NOT EDIT THIS FILE DIRECTLY.
# yarn lockfile v1


"@polymer/font-roboto@^3.0.0-pre.19":
  version "3.0.0-pre.19"
  resolved "https://registry.yarnpkg.com/@polymer/font-roboto/-/font-roboto-3.0.0-pre.19.tgz#d67384a000eebb2632c00c268182a8528aca4a7c"

"@polymer/iron-demo-helpers@^3.0.0-pre.19":
  version "3.0.0-pre.19"
  resolved "https://registry.yarnpkg.com/@polymer/iron-demo-helpers/-/iron-demo-helpers-3.0.0-pre.19.tgz#15f1d5b94884e97dc5cbb15ee129367fca20fadb"
  dependencies:
    "@polymer/font-roboto" "^3.0.0-pre.19"
    "@polymer/iron-flex-layout" "^3.0.0-pre.19"
    "@polymer/iron-location" "^3.0.0-pre.19"
    "@polymer/marked-element" "^3.0.0-pre.19"
    "@polymer/polymer" "^3.0.0"
    "@polymer/prism-element" "^3.0.0-pre.19"

"@polymer/iron-flex-layout@^3.0.0-pre.19":
  version "3.0.0-pre.19"
  resolved "https://registry.yarnpkg.com/@polymer/iron-flex-layout/-/iron-flex-layout-3.0.0-pre.19.tgz#35f633ab4d4e14e44650722729128e4f5968c1e9"
  dependencies:
    "@polymer/polymer" "^3.0.0"

"@polymer/iron-location@^3.0.0-pre.19":
  version "3.0.0-pre.19"
  resolved "https://registry.yarnpkg.com/@polymer/iron-location/-/iron-location-3.0.0-pre.19.tgz#092716cf677491eb0c53031eb4014f6af566694d"
  dependencies:
    "@polymer/polymer" "^3.0.0"

"@polymer/marked-element@^3.0.0-pre.19":
  version "3.0.0-pre.19"
  resolved "https://registry.yarnpkg.com/@polymer/marked-element/-/marked-element-3.0.0-pre.19.tgz#e4288e1590309cb08654098ea386927c09690429"
  dependencies:
    "@polymer/polymer" "^3.0.0"
    marked "~0.3.9"

"@polymer/polymer@^3.0.0", "@polymer/polymer@^3.0.2":
  version "3.0.2"
  resolved "https://registry.yarnpkg.com/@polymer/polymer/-/polymer-3.0.2.tgz#626e6f9fae9716b0962ce0211e21df242153eab2"
  dependencies:
    "@webcomponents/shadycss" "^1.2.0"

"@polymer/prism-element@^3.0.0-pre.19":
  version "3.0.0-pre.19"
  resolved "https://registry.yarnpkg.com/@polymer/prism-element/-/prism-element-3.0.0-pre.19.tgz#067a10fa026b2bbf70c62df863026d8a3ec70966"
  dependencies:
    "@polymer/polymer" "^3.0.0"
    prismjs "^1.11.0"

"@webcomponents/shadycss@^1.2.0":
  version "1.2.1"
  resolved "https://registry.yarnpkg.com/@webcomponents/shadycss/-/shadycss-1.2.1.tgz#6e4a88534657807c8398b4bc196d0ca492182d54"

clipboard@^2.0.0:
  version "2.0.1"
  resolved "https://registry.yarnpkg.com/clipboard/-/clipboard-2.0.1.tgz#a12481e1c13d8a50f5f036b0560fe5d16d74e46a"
  dependencies:
    good-listener "^1.2.2"
    select "^1.1.2"
    tiny-emitter "^2.0.0"

delegate@^3.1.2:
  version "3.2.0"
  resolved "https://registry.yarnpkg.com/delegate/-/delegate-3.2.0.tgz#b66b71c3158522e8ab5744f720d8ca0c2af59166"

good-listener@^1.2.2:
  version "1.2.2"
  resolved "https://registry.yarnpkg.com/good-listener/-/good-listener-1.2.2.tgz#d53b30cdf9313dffb7dc9a0d477096aa6d145c50"
  dependencies:
    delegate "^3.1.2"

marked@~0.3.9:
  version "0.3.19"
  resolved "https://registry.yarnpkg.com/marked/-/marked-0.3.19.tgz#5d47f709c4c9fc3c216b6d46127280f40b39d790"

prismjs@^1.11.0:
  version "1.14.0"
  resolved "https://registry.yarnpkg.com/prismjs/-/prismjs-1.14.0.tgz#bbccfdb8be5d850d26453933cb50122ca0362ae0"
  optionalDependencies:
    clipboard "^2.0.0"

select@^1.1.2:
  version "1.1.2"
  resolved "https://registry.yarnpkg.com/select/-/select-1.1.2.tgz#0e7350acdec80b1108528786ec1d4418d11b396d"

tiny-emitter@^2.0.0:
  version "2.0.2"
  resolved "https://registry.yarnpkg.com/tiny-emitter/-/tiny-emitter-2.0.2.tgz#82d27468aca5ade8e5fd1e6d22b57dd43ebdfb7c"
