# THIS IS AN AUTOGENERATED FILE. DO NOT EDIT THIS FILE DIRECTLY.
# yarn lockfile v1


"@polymer/font-roboto@^3.0.0-pre.19":
  version "3.0.0-pre.19"
  resolved "https://registry.yarnpkg.com/@polymer/font-roboto/-/font-roboto-3.0.0-pre.19.tgz#d67384a000eebb2632c00c268182a8528aca4a7c"

"@polymer/iron-demo-helpers@^3.0.0-pre.19":
  version "3.0.0-pre.19"
  resolved "https://registry.yarnpkg.com/@polymer/iron-demo-helpers/-/iron-demo-helpers-3.0.0-pre.19.tgz#15f1d5b94884e97dc5cbb15ee129367fca20fadb"
  dependencies:
    "@polymer/font-roboto" "^3.0.0-pre.19"
    "@polymer/iron-flex-layout" "^3.0.0-pre.19"
    "@polymer/iron-location" "^3.0.0-pre.19"
    "@polymer/marked-element" "^3.0.0-pre.19"
    "@polymer/polymer" "^3.0.0"
    "@polymer/prism-element" "^3.0.0-pre.19"

"@polymer/iron-flex-layout@^3.0.0-pre.19":
  version "3.0.0-pre.19"
  resolved "https://registry.yarnpkg.com/@polymer/iron-flex-layout/-/iron-flex-layout-3.0.0-pre.19.tgz#35f633ab4d4e14e44650722729128e4f5968c1e9"
  dependencies:
    "@polymer/polymer" "^3.0.0"

"@polymer/iron-location@^3.0.0-pre.19":
  version "3.0.0-pre.19"
  resolved "https://registry.yarnpkg.com/@polymer/iron-location/-/iron-location-3.0.0-pre.19.tgz#092716cf677491eb0c53031eb4014f6af566694d"
  dependencies:
    "@polymer/polymer" "^3.0.0"

"@polymer/marked-element@^3.0.0-pre.19":
  version "3.0.0-pre.19"
  resolved "https://registry.yarnpkg.com/@polymer/marked-element/-/marked-element-3.0.0-pre.19.tgz#e4288e1590309cb08654098ea386927c09690429"
  dependencies:
    "@polymer/polymer" "^3.0.0"
    marked "~0.3.9"

"@polymer/polymer@^3.0.0", "@polymer/polymer@^3.0.2":
  version "3.0.2"
  resolved "https://registry.yarnpkg.com/@polymer/polymer/-/polymer-3.0.2.tgz#626e6f9fae9716b0962ce0211e21df242153eab2"
  dependencies:
    "@webcomponents/shadycss" "^1.2.0"

"@polymer/prism-element@^3.0.0-pre.19":
  version "3.0.0-pre.19"
  resolved "https://registry.yarnpkg.com/@polymer/prism-element/-/prism-element-3.0.0-pre.19.tgz#067a10fa026b2bbf70c62df863026d8a3ec70966"
  dependencies:
    "@polymer/polymer" "^3.0.0"
    prismjs "^1.11.0"

"@webcomponents/shadycss@^1.2.0":
  version "1.2.1"
  resolved "https://registry.yarnpkg.com/@webcomponents/shadycss/-/shadycss-1.2.1.tgz#6e4a88534657807c8398b4bc196d0ca492182d54"

"@webcomponents/webcomponentsjs@^2.1.3":
  version "2.4.4"
  resolved "https://registry.yarnpkg.com/@webcomponents/webcomponentsjs/-/webcomponentsjs-2.4.4.tgz#14b7e78da47f8f0071ff96c35335b871534179bc"

marked@~0.3.9:
  version "0.3.19"
  resolved "https://registry.yarnpkg.com/marked/-/marked-0.3.19.tgz#5d47f709c4c9fc3c216b6d46127280f40b39d790"

prismjs@^1.11.0:
  version "1.24.0"
  resolved "https://registry.yarnpkg.com/prismjs/-/prismjs-1.24.0.tgz#0409c30068a6c52c89ef7f1089b3ca4de56be2ac"
